
Microsoft Visual Studio Solution File, Format Version 12.00
# Visual Studio 15
VisualStudioVersion = 15.0.27705.2000
MinimumVisualStudioVersion = 10.0.40219.1
Project("{FAE04EC0-301F-11D3-BF4B-00C04F79EFBC}") = "WebCalculator.Api", "WebCalculator.Api\WebCalculator.Api.csproj", "{5114161B-EFE3-498F-A0D4-6662FA5F4CC1}"
EndProject
Project("{9A19103F-16F7-4668-BE54-9A1E7A4F7556}") = "WebCalculator.Calculation.Coco2", "WebCalculator.Calculation.Coco2\WebCalculator.Calculation.Coco2.csproj", "{B6A1316F-8E51-434F-B68A-2EC63E6B3BCC}"
EndProject
Project("{9A19103F-16F7-4668-BE54-9A1E7A4F7556}") = "WebCalculator.Calculation.Service", "WebCalculator.Calculation.Service\WebCalculator.Calculation.Service.csproj", "{20E33501-0526-42C5-936D-465FDFBADECF}"
EndProject
Project("{9A19103F-16F7-4668-BE54-9A1E7A4F7556}") = "WebCalculator.Calculation.Service.Coco2", "WebCalculator.Calculation.Service.Coco2\WebCalculator.Calculation.Service.Coco2.csproj", "{4688AB6B-89DF-4890-943B-9EF6B962B358}"
EndProject
Project("{9A19103F-16F7-4668-BE54-9A1E7A4F7556}") = "WebCalculator.Calculation.Service.Coco2.Test", "WebCalculator.Calculation.Service.Coco2.Test\WebCalculator.Calculation.Service.Coco2.Test.csproj", "{0CBCB422-CC0B-4651-A728-4B839E54EC4B}"
EndProject
Global
	GlobalSection(SolutionConfigurationPlatforms) = preSolution
		Debug|Any CPU = Debug|Any CPU
		Release|Any CPU = Release|Any CPU
	EndGlobalSection
	GlobalSection(ProjectConfigurationPlatforms) = postSolution
		{5114161B-EFE3-498F-A0D4-6662FA5F4CC1}.Debug|Any CPU.ActiveCfg = Debug|Any CPU
		{5114161B-EFE3-498F-A0D4-6662FA5F4CC1}.Debug|Any CPU.Build.0 = Debug|Any CPU
		{5114161B-EFE3-498F-A0D4-6662FA5F4CC1}.Release|Any CPU.ActiveCfg = Release|Any CPU
		{5114161B-EFE3-498F-A0D4-6662FA5F4CC1}.Release|Any CPU.Build.0 = Release|Any CPU
		{B6A1316F-8E51-434F-B68A-2EC63E6B3BCC}.Debug|Any CPU.ActiveCfg = Debug|Any CPU
		{B6A1316F-8E51-434F-B68A-2EC63E6B3BCC}.Debug|Any CPU.Build.0 = Debug|Any CPU
		{B6A1316F-8E51-434F-B68A-2EC63E6B3BCC}.Release|Any CPU.ActiveCfg = Release|Any CPU
		{B6A1316F-8E51-434F-B68A-2EC63E6B3BCC}.Release|Any CPU.Build.0 = Release|Any CPU
		{20E33501-0526-42C5-936D-465FDFBADECF}.Debug|Any CPU.ActiveCfg = Debug|Any CPU
		{20E33501-0526-42C5-936D-465FDFBADECF}.Debug|Any CPU.Build.0 = Debug|Any CPU
		{20E33501-0526-42C5-936D-465FDFBADECF}.Release|Any CPU.ActiveCfg = Release|Any CPU
		{20E33501-0526-42C5-936D-465FDFBADECF}.Release|Any CPU.Build.0 = Release|Any CPU
		{4688AB6B-89DF-4890-943B-9EF6B962B358}.Debug|Any CPU.ActiveCfg = Debug|Any CPU
		{4688AB6B-89DF-4890-943B-9EF6B962B358}.Debug|Any CPU.Build.0 = Debug|Any CPU
		{4688AB6B-89DF-4890-943B-9EF6B962B358}.Release|Any CPU.ActiveCfg = Release|Any CPU
		{4688AB6B-89DF-4890-943B-9EF6B962B358}.Release|Any CPU.Build.0 = Release|Any CPU
		{0CBCB422-CC0B-4651-A728-4B839E54EC4B}.Debug|Any CPU.ActiveCfg = Debug|Any CPU
		{0CBCB422-CC0B-4651-A728-4B839E54EC4B}.Debug|Any CPU.Build.0 = Debug|Any CPU
		{0CBCB422-CC0B-4651-A728-4B839E54EC4B}.Release|Any CPU.ActiveCfg = Release|Any CPU
		{0CBCB422-CC0B-4651-A728-4B839E54EC4B}.Release|Any CPU.Build.0 = Release|Any CPU
	EndGlobalSection
	GlobalSection(SolutionProperties) = preSolution
		HideSolutionNode = FALSE
	EndGlobalSection
	GlobalSection(ExtensibilityGlobals) = postSolution
		SolutionGuid = {7249B5B5-0FBE-4C19-97CB-82E17AF2341B}
	EndGlobalSection
EndGlobal
